
Microsoft Visual Studio Solution File, Format Version 12.00
# Visual Studio Version 17
VisualStudioVersion = 17.9.34723.18
MinimumVisualStudioVersion = 10.0.40219.1
Project("{FAE04EC0-301F-11D3-BF4B-00C04F79EFBC}") = "TicTacToe", "List4\TicTacToe.csproj", "{482C6CA0-C4AB-42ED-86AC-8DDA82322928}"
EndProject
Global
	GlobalSection(SolutionConfigurationPlatforms) = preSolution
		Debug|Any CPU = Debug|Any CPU
		Release|Any CPU = Release|Any CPU
	EndGlobalSection
	GlobalSection(ProjectConfigurationPlatforms) = postSolution
		{482C6CA0-C4AB-42ED-86AC-8DDA82322928}.Debug|Any CPU.ActiveCfg = Debug|Any CPU
		{482C6CA0-C4AB-42ED-86AC-8DDA82322928}.Debug|Any CPU.Build.0 = Debug|Any CPU
		{482C6CA0-C4AB-42ED-86AC-8DDA82322928}.Release|Any CPU.ActiveCfg = Release|Any CPU
		{482C6CA0-C4AB-42ED-86AC-8DDA82322928}.Release|Any CPU.Build.0 = Release|Any CPU
	EndGlobalSection
	GlobalSection(SolutionProperties) = preSolution
		HideSolutionNode = FALSE
	EndGlobalSection
	GlobalSection(ExtensibilityGlobals) = postSolution
		SolutionGuid = {C75A5824-9E4A-42FA-B1B1-4707AC5A1030}
	EndGlobalSection
EndGlobal
